
Microsoft Visual Studio Solution File, Format Version 12.00
# Visual Studio Version 16
VisualStudioVersion = 16.0.31624.102
MinimumVisualStudioVersion = 10.0.40219.1
Project("{FAE04EC0-301F-11D3-BF4B-00C04F79EFBC}") = "Fourier Expansion", "Fourier Expansion\Fourier Expansion.csproj", "{2166EB2E-B9DC-483C-92D5-34AE27AFC33C}"
EndProject
Global
	GlobalSection(SolutionConfigurationPlatforms) = preSolution
		Debug|Any CPU = Debug|Any CPU
		Release|Any CPU = Release|Any CPU
	EndGlobalSection
	GlobalSection(ProjectConfigurationPlatforms) = postSolution
		{2166EB2E-B9DC-483C-92D5-34AE27AFC33C}.Debug|Any CPU.ActiveCfg = Debug|Any CPU
		{2166EB2E-B9DC-483C-92D5-34AE27AFC33C}.Debug|Any CPU.Build.0 = Debug|Any CPU
		{2166EB2E-B9DC-483C-92D5-34AE27AFC33C}.Release|Any CPU.ActiveCfg = Release|Any CPU
		{2166EB2E-B9DC-483C-92D5-34AE27AFC33C}.Release|Any CPU.Build.0 = Release|Any CPU
	EndGlobalSection
	GlobalSection(SolutionProperties) = preSolution
		HideSolutionNode = FALSE
	EndGlobalSection
	GlobalSection(ExtensibilityGlobals) = postSolution
		SolutionGuid = {6DE3BDA1-2AFD-43B4-AC1C-995FFC02466B}
	EndGlobalSection
EndGlobal
